// !$*UTF8*$!
{
	archiveVersion = 1;
	classes = {
	};
	objectVersion = 46;
	objects = {

/* Begin PBXBuildFile section */
		C92BB35F1A3D73C70090AEC9 /* Unit.swift in Sources */ = {isa = PBXBuildFile; fileRef = C92BB35E1A3D73C70090AEC9 /* Unit.swift */; };
		C92BB3611A3D73D70090AEC9 /* Province.swift in Sources */ = {isa = PBXBuildFile; fileRef = C92BB3601A3D73D70090AEC9 /* Province.swift */; };
		C92CD2FE1A5755D5003DCE38 /* GameLobbyViewController.swift in Sources */ = {isa = PBXBuildFile; fileRef = C92CD2FD1A5755D5003DCE38 /* GameLobbyViewController.swift */; };
		C94754921A27B8DD0007D6E1 /* NewGameTableViewController.swift in Sources */ = {isa = PBXBuildFile; fileRef = C94754911A27B8DD0007D6E1 /* NewGameTableViewController.swift */; };
		C947D8761A26CB1A001F8130 /* GamesListTableCell.swift in Sources */ = {isa = PBXBuildFile; fileRef = C947D8751A26CB1A001F8130 /* GamesListTableCell.swift */; };
		C96938471A493AF900DD877D /* UIColorExtension.swift in Sources */ = {isa = PBXBuildFile; fileRef = C96938461A493AF900DD877D /* UIColorExtension.swift */; };
		C97C7D3D1A3CC59C003C9B21 /* Board.swift in Sources */ = {isa = PBXBuildFile; fileRef = C97C7D3C1A3CC59C003C9B21 /* Board.swift */; };
		C97C7D3F1A3CC5CC003C9B21 /* Game.swift in Sources */ = {isa = PBXBuildFile; fileRef = C97C7D3E1A3CC5CC003C9B21 /* Game.swift */; };
		C98142E41A1274AD00732AB5 /* SignupViewController.swift in Sources */ = {isa = PBXBuildFile; fileRef = C98142E31A1274AD00732AB5 /* SignupViewController.swift */; };
		C98142E61A1416A800732AB5 /* GamesListViewController.swift in Sources */ = {isa = PBXBuildFile; fileRef = C98142E51A1416A800732AB5 /* GamesListViewController.swift */; };
		C9A6E56919E74B3800610FEF /* AudioToolbox.framework in Frameworks */ = {isa = PBXBuildFile; fileRef = C9A6E56819E74B3800610FEF /* AudioToolbox.framework */; };
		C9A6E56B19E74B4100610FEF /* CFNetwork.framework in Frameworks */ = {isa = PBXBuildFile; fileRef = C9A6E56A19E74B4100610FEF /* CFNetwork.framework */; };
		C9A6E56D19E74B4E00610FEF /* CoreGraphics.framework in Frameworks */ = {isa = PBXBuildFile; fileRef = C9A6E56C19E74B4E00610FEF /* CoreGraphics.framework */; };
		C9A6E56F19E74B5900610FEF /* CoreLocation.framework in Frameworks */ = {isa = PBXBuildFile; fileRef = C9A6E56E19E74B5900610FEF /* CoreLocation.framework */; };
		C9A6E57119E74B6500610FEF /* libz.dylib in Frameworks */ = {isa = PBXBuildFile; fileRef = C9A6E57019E74B6500610FEF /* libz.dylib */; };
		C9A6E57319E74B6C00610FEF /* MobileCoreServices.framework in Frameworks */ = {isa = PBXBuildFile; fileRef = C9A6E57219E74B6C00610FEF /* MobileCoreServices.framework */; };
		C9A6E57519E74B7300610FEF /* QuartzCore.framework in Frameworks */ = {isa = PBXBuildFile; fileRef = C9A6E57419E74B7300610FEF /* QuartzCore.framework */; };
		C9A6E57719E74B7A00610FEF /* Security.framework in Frameworks */ = {isa = PBXBuildFile; fileRef = C9A6E57619E74B7A00610FEF /* Security.framework */; };
		C9A6E57919E74BC000610FEF /* StoreKit.framework in Frameworks */ = {isa = PBXBuildFile; fileRef = C9A6E57819E74BC000610FEF /* StoreKit.framework */; };
		C9A6E57B19E74BC600610FEF /* SystemConfiguration.framework in Frameworks */ = {isa = PBXBuildFile; fileRef = C9A6E57A19E74BC600610FEF /* SystemConfiguration.framework */; };
		C9ACCDBB19E74437006385A8 /* AppDelegate.swift in Sources */ = {isa = PBXBuildFile; fileRef = C9ACCDBA19E74437006385A8 /* AppDelegate.swift */; };
		C9ACCDBE19E74437006385A8 /* Diplomacy.xcdatamodeld in Sources */ = {isa = PBXBuildFile; fileRef = C9ACCDBC19E74437006385A8 /* Diplomacy.xcdatamodeld */; };
		C9ACCDC019E74437006385A8 /* ViewController.swift in Sources */ = {isa = PBXBuildFile; fileRef = C9ACCDBF19E74437006385A8 /* ViewController.swift */; };
		C9ACCDC319E74437006385A8 /* Main.storyboard in Resources */ = {isa = PBXBuildFile; fileRef = C9ACCDC119E74437006385A8 /* Main.storyboard */; };
		C9ACCDC519E74437006385A8 /* Images.xcassets in Resources */ = {isa = PBXBuildFile; fileRef = C9ACCDC419E74437006385A8 /* Images.xcassets */; };
		C9ACCDC819E74437006385A8 /* LaunchScreen.xib in Resources */ = {isa = PBXBuildFile; fileRef = C9ACCDC619E74437006385A8 /* LaunchScreen.xib */; };
		C9ACCDD419E74437006385A8 /* DiplomacyTests.swift in Sources */ = {isa = PBXBuildFile; fileRef = C9ACCDD319E74437006385A8 /* DiplomacyTests.swift */; };
		C9ACCDDE19E74794006385A8 /* Podfile in Resources */ = {isa = PBXBuildFile; fileRef = C9ACCDDD19E74794006385A8 /* Podfile */; };
		C9DBEF7719EE3D0000BA6BE5 /* LoginViewController.swift in Sources */ = {isa = PBXBuildFile; fileRef = C9DBEF7619EE3D0000BA6BE5 /* LoginViewController.swift */; };
		C9DE269C1A3A144C00A21B03 /* GameScreenViewController.swift in Sources */ = {isa = PBXBuildFile; fileRef = C9DE269B1A3A144C00A21B03 /* GameScreenViewController.swift */; };
		F6C0B8006D7741BBB6020FB9 /* libPods-Diplomacy.a in Frameworks */ = {isa = PBXBuildFile; fileRef = 751EC033774F4D58AE65129C /* libPods-Diplomacy.a */; };
/* End PBXBuildFile section */

/* Begin PBXContainerItemProxy section */
		C9ACCDCE19E74437006385A8 /* PBXContainerItemProxy */ = {
			isa = PBXContainerItemProxy;
			containerPortal = C9ACCDAD19E74437006385A8 /* Project object */;
			proxyType = 1;
			remoteGlobalIDString = C9ACCDB419E74437006385A8;
			remoteInfo = Diplomacy;
		};
/* End PBXContainerItemProxy section */

/* Begin PBXFileReference section */
		751EC033774F4D58AE65129C /* libPods-Diplomacy.a */ = {isa = PBXFileReference; explicitFileType = archive.ar; includeInIndex = 0; path = "libPods-Diplomacy.a"; sourceTree = BUILT_PRODUCTS_DIR; };
		8ABEF0EDA0FC4CD889698483 /* Pods-Diplomacy.xcconfig */ = {isa = PBXFileReference; includeInIndex = 1; lastKnownFileType = text.xcconfig; name = "Pods-Diplomacy.xcconfig"; path = "Pods/Pods-Diplomacy.xcconfig"; sourceTree = "<group>"; };
		C92BB35E1A3D73C70090AEC9 /* Unit.swift */ = {isa = PBXFileReference; fileEncoding = 4; lastKnownFileType = sourcecode.swift; path = Unit.swift; sourceTree = "<group>"; };
		C92BB3601A3D73D70090AEC9 /* Province.swift */ = {isa = PBXFileReference; fileEncoding = 4; lastKnownFileType = sourcecode.swift; path = Province.swift; sourceTree = "<group>"; };
		C92CD2FD1A5755D5003DCE38 /* GameLobbyViewController.swift */ = {isa = PBXFileReference; fileEncoding = 4; lastKnownFileType = sourcecode.swift; path = GameLobbyViewController.swift; sourceTree = "<group>"; };
		C94754911A27B8DD0007D6E1 /* NewGameTableViewController.swift */ = {isa = PBXFileReference; fileEncoding = 4; lastKnownFileType = sourcecode.swift; path = NewGameTableViewController.swift; sourceTree = "<group>"; };
		C947D8751A26CB1A001F8130 /* GamesListTableCell.swift */ = {isa = PBXFileReference; fileEncoding = 4; lastKnownFileType = sourcecode.swift; path = GamesListTableCell.swift; sourceTree = "<group>"; };
		C96938461A493AF900DD877D /* UIColorExtension.swift */ = {isa = PBXFileReference; fileEncoding = 4; lastKnownFileType = sourcecode.swift; path = UIColorExtension.swift; sourceTree = "<group>"; };
		C97C7D3C1A3CC59C003C9B21 /* Board.swift */ = {isa = PBXFileReference; fileEncoding = 4; lastKnownFileType = sourcecode.swift; path = Board.swift; sourceTree = "<group>"; };
		C97C7D3E1A3CC5CC003C9B21 /* Game.swift */ = {isa = PBXFileReference; fileEncoding = 4; lastKnownFileType = sourcecode.swift; path = Game.swift; sourceTree = "<group>"; };
		C98142E31A1274AD00732AB5 /* SignupViewController.swift */ = {isa = PBXFileReference; fileEncoding = 4; lastKnownFileType = sourcecode.swift; path = SignupViewController.swift; sourceTree = "<group>"; };
		C98142E51A1416A800732AB5 /* GamesListViewController.swift */ = {isa = PBXFileReference; fileEncoding = 4; lastKnownFileType = sourcecode.swift; path = GamesListViewController.swift; sourceTree = "<group>"; };
		C9A6DA3D19EE2CF10047BA28 /* Diplomacy 2.xcdatamodel */ = {isa = PBXFileReference; lastKnownFileType = wrapper.xcdatamodel; path = "Diplomacy 2.xcdatamodel"; sourceTree = "<group>"; };
		C9A6E56819E74B3800610FEF /* AudioToolbox.framework */ = {isa = PBXFileReference; lastKnownFileType = wrapper.framework; name = AudioToolbox.framework; path = System/Library/Frameworks/AudioToolbox.framework; sourceTree = SDKROOT; };
		C9A6E56A19E74B4100610FEF /* CFNetwork.framework */ = {isa = PBXFileReference; lastKnownFileType = wrapper.framework; name = CFNetwork.framework; path = System/Library/Frameworks/CFNetwork.framework; sourceTree = SDKROOT; };
		C9A6E56C19E74B4E00610FEF /* CoreGraphics.framework */ = {isa = PBXFileReference; lastKnownFileType = wrapper.framework; name = CoreGraphics.framework; path = System/Library/Frameworks/CoreGraphics.framework; sourceTree = SDKROOT; };
		C9A6E56E19E74B5900610FEF /* CoreLocation.framework */ = {isa = PBXFileReference; lastKnownFileType = wrapper.framework; name = CoreLocation.framework; path = System/Library/Frameworks/CoreLocation.framework; sourceTree = SDKROOT; };
		C9A6E57019E74B6500610FEF /* libz.dylib */ = {isa = PBXFileReference; lastKnownFileType = "compiled.mach-o.dylib"; name = libz.dylib; path = usr/lib/libz.dylib; sourceTree = SDKROOT; };
		C9A6E57219E74B6C00610FEF /* MobileCoreServices.framework */ = {isa = PBXFileReference; lastKnownFileType = wrapper.framework; name = MobileCoreServices.framework; path = System/Library/Frameworks/MobileCoreServices.framework; sourceTree = SDKROOT; };
		C9A6E57419E74B7300610FEF /* QuartzCore.framework */ = {isa = PBXFileReference; lastKnownFileType = wrapper.framework; name = QuartzCore.framework; path = System/Library/Frameworks/QuartzCore.framework; sourceTree = SDKROOT; };
		C9A6E57619E74B7A00610FEF /* Security.framework */ = {isa = PBXFileReference; lastKnownFileType = wrapper.framework; name = Security.framework; path = System/Library/Frameworks/Security.framework; sourceTree = SDKROOT; };
		C9A6E57819E74BC000610FEF /* StoreKit.framework */ = {isa = PBXFileReference; lastKnownFileType = wrapper.framework; name = StoreKit.framework; path = System/Library/Frameworks/StoreKit.framework; sourceTree = SDKROOT; };
		C9A6E57A19E74BC600610FEF /* SystemConfiguration.framework */ = {isa = PBXFileReference; lastKnownFileType = wrapper.framework; name = SystemConfiguration.framework; path = System/Library/Frameworks/SystemConfiguration.framework; sourceTree = SDKROOT; };
		C9A6E57C19E74BEF00610FEF /* Diplomacy-Bridging-Header.h */ = {isa = PBXFileReference; lastKnownFileType = sourcecode.c.h; path = "Diplomacy-Bridging-Header.h"; sourceTree = "<group>"; };
		C9ACCDB519E74437006385A8 /* Diplomacy.app */ = {isa = PBXFileReference; explicitFileType = wrapper.application; includeInIndex = 0; path = Diplomacy.app; sourceTree = BUILT_PRODUCTS_DIR; };
		C9ACCDB919E74437006385A8 /* Info.plist */ = {isa = PBXFileReference; lastKnownFileType = text.plist.xml; path = Info.plist; sourceTree = "<group>"; };
		C9ACCDBA19E74437006385A8 /* AppDelegate.swift */ = {isa = PBXFileReference; lastKnownFileType = sourcecode.swift; path = AppDelegate.swift; sourceTree = "<group>"; };
		C9ACCDBD19E74437006385A8 /* Diplomacy.xcdatamodel */ = {isa = PBXFileReference; lastKnownFileType = wrapper.xcdatamodel; path = Diplomacy.xcdatamodel; sourceTree = "<group>"; };
		C9ACCDBF19E74437006385A8 /* ViewController.swift */ = {isa = PBXFileReference; lastKnownFileType = sourcecode.swift; path = ViewController.swift; sourceTree = "<group>"; };
		C9ACCDC219E74437006385A8 /* Base */ = {isa = PBXFileReference; lastKnownFileType = file.storyboard; name = Base; path = Base.lproj/Main.storyboard; sourceTree = "<group>"; };
		C9ACCDC419E74437006385A8 /* Images.xcassets */ = {isa = PBXFileReference; lastKnownFileType = folder.assetcatalog; path = Images.xcassets; sourceTree = "<group>"; };
		C9ACCDC719E74437006385A8 /* Base */ = {isa = PBXFileReference; lastKnownFileType = file.xib; name = Base; path = Base.lproj/LaunchScreen.xib; sourceTree = "<group>"; };
		C9ACCDCD19E74437006385A8 /* DiplomacyTests.xctest */ = {isa = PBXFileReference; explicitFileType = wrapper.cfbundle; includeInIndex = 0; path = DiplomacyTests.xctest; sourceTree = BUILT_PRODUCTS_DIR; };
		C9ACCDD219E74437006385A8 /* Info.plist */ = {isa = PBXFileReference; lastKnownFileType = text.plist.xml; path = Info.plist; sourceTree = "<group>"; };
		C9ACCDD319E74437006385A8 /* DiplomacyTests.swift */ = {isa = PBXFileReference; lastKnownFileType = sourcecode.swift; path = DiplomacyTests.swift; sourceTree = "<group>"; };
		C9ACCDDD19E74794006385A8 /* Podfile */ = {isa = PBXFileReference; fileEncoding = 4; lastKnownFileType = text; path = Podfile; sourceTree = "<group>"; xcLanguageSpecificationIdentifier = xcode.lang.ruby; };
		C9DBEF7619EE3D0000BA6BE5 /* LoginViewController.swift */ = {isa = PBXFileReference; fileEncoding = 4; lastKnownFileType = sourcecode.swift; path = LoginViewController.swift; sourceTree = "<group>"; };
		C9DE269B1A3A144C00A21B03 /* GameScreenViewController.swift */ = {isa = PBXFileReference; fileEncoding = 4; lastKnownFileType = sourcecode.swift; path = GameScreenViewController.swift; sourceTree = "<group>"; };
/* End PBXFileReference section */

/* Begin PBXFrameworksBuildPhase section */
		C9ACCDB219E74437006385A8 /* Frameworks */ = {
			isa = PBXFrameworksBuildPhase;
			buildActionMask = 2147483647;
			files = (
				C9A6E57B19E74BC600610FEF /* SystemConfiguration.framework in Frameworks */,
				C9A6E57919E74BC000610FEF /* StoreKit.framework in Frameworks */,
				C9A6E57719E74B7A00610FEF /* Security.framework in Frameworks */,
				C9A6E57519E74B7300610FEF /* QuartzCore.framework in Frameworks */,
				C9A6E57319E74B6C00610FEF /* MobileCoreServices.framework in Frameworks */,
				C9A6E57119E74B6500610FEF /* libz.dylib in Frameworks */,
				C9A6E56F19E74B5900610FEF /* CoreLocation.framework in Frameworks */,
				C9A6E56D19E74B4E00610FEF /* CoreGraphics.framework in Frameworks */,
				C9A6E56B19E74B4100610FEF /* CFNetwork.framework in Frameworks */,
				C9A6E56919E74B3800610FEF /* AudioToolbox.framework in Frameworks */,
				F6C0B8006D7741BBB6020FB9 /* libPods-Diplomacy.a in Frameworks */,
			);
			runOnlyForDeploymentPostprocessing = 0;
		};
		C9ACCDCA19E74437006385A8 /* Frameworks */ = {
			isa = PBXFrameworksBuildPhase;
			buildActionMask = 2147483647;
			files = (
			);
			runOnlyForDeploymentPostprocessing = 0;
		};
/* End PBXFrameworksBuildPhase section */

/* Begin PBXGroup section */
		C947D8741A26CAF6001F8130 /* TableCells */ = {
			isa = PBXGroup;
			children = (
				C947D8751A26CB1A001F8130 /* GamesListTableCell.swift */,
			);
			name = TableCells;
			sourceTree = "<group>";
		};
		C9ACCDAC19E74437006385A8 = {
			isa = PBXGroup;
			children = (
				C9ACCDB719E74437006385A8 /* Diplomacy */,
				C9ACCDD019E74437006385A8 /* DiplomacyTests */,
				C9ACCDB619E74437006385A8 /* Products */,
				C9ACCDDD19E74794006385A8 /* Podfile */,
				8ABEF0EDA0FC4CD889698483 /* Pods-Diplomacy.xcconfig */,
				D8413B37A91F4D50A49D2AC0 /* Frameworks */,
				C9A6E57C19E74BEF00610FEF /* Diplomacy-Bridging-Header.h */,
			);
			sourceTree = "<group>";
		};
		C9ACCDB619E74437006385A8 /* Products */ = {
			isa = PBXGroup;
			children = (
				C9ACCDB519E74437006385A8 /* Diplomacy.app */,
				C9ACCDCD19E74437006385A8 /* DiplomacyTests.xctest */,
			);
			name = Products;
			sourceTree = "<group>";
		};
		C9ACCDB719E74437006385A8 /* Diplomacy */ = {
			isa = PBXGroup;
			children = (
				C9DBEF7819EE4DEB00BA6BE5 /* Model */,
				C9DBEF7519EE3CDC00BA6BE5 /* ViewControllers */,
				C9ACCDBA19E74437006385A8 /* AppDelegate.swift */,
				C96938461A493AF900DD877D /* UIColorExtension.swift */,
				C9ACCDBF19E74437006385A8 /* ViewController.swift */,
				C9ACCDC119E74437006385A8 /* Main.storyboard */,
				C9ACCDC419E74437006385A8 /* Images.xcassets */,
				C9ACCDC619E74437006385A8 /* LaunchScreen.xib */,
				C9ACCDBC19E74437006385A8 /* Diplomacy.xcdatamodeld */,
				C9ACCDB819E74437006385A8 /* Supporting Files */,
			);
			path = Diplomacy;
			sourceTree = "<group>";
		};
		C9ACCDB819E74437006385A8 /* Supporting Files */ = {
			isa = PBXGroup;
			children = (
				C9ACCDB919E74437006385A8 /* Info.plist */,
			);
			name = "Supporting Files";
			sourceTree = "<group>";
		};
		C9ACCDD019E74437006385A8 /* DiplomacyTests */ = {
			isa = PBXGroup;
			children = (
				C9ACCDD319E74437006385A8 /* DiplomacyTests.swift */,
				C9ACCDD119E74437006385A8 /* Supporting Files */,
			);
			path = DiplomacyTests;
			sourceTree = "<group>";
		};
		C9ACCDD119E74437006385A8 /* Supporting Files */ = {
			isa = PBXGroup;
			children = (
				C9ACCDD219E74437006385A8 /* Info.plist */,
			);
			name = "Supporting Files";
			sourceTree = "<group>";
		};
		C9DBEF7519EE3CDC00BA6BE5 /* ViewControllers */ = {
			isa = PBXGroup;
			children = (
				C92CD2FD1A5755D5003DCE38 /* GameLobbyViewController.swift */,
				C9DE269B1A3A144C00A21B03 /* GameScreenViewController.swift */,
				C94754911A27B8DD0007D6E1 /* NewGameTableViewController.swift */,
				C947D8741A26CAF6001F8130 /* TableCells */,
				C9DBEF7619EE3D0000BA6BE5 /* LoginViewController.swift */,
				C98142E31A1274AD00732AB5 /* SignupViewController.swift */,
				C98142E51A1416A800732AB5 /* GamesListViewController.swift */,
			);
			name = ViewControllers;
			sourceTree = "<group>";
		};
		C9DBEF7819EE4DEB00BA6BE5 /* Model */ = {
			isa = PBXGroup;
			children = (
				C92BB3601A3D73D70090AEC9 /* Province.swift */,
				C92BB35E1A3D73C70090AEC9 /* Unit.swift */,
				C97C7D3E1A3CC5CC003C9B21 /* Game.swift */,
				C97C7D3C1A3CC59C003C9B21 /* Board.swift */,
			);
			name = Model;
			sourceTree = "<group>";
		};
		D8413B37A91F4D50A49D2AC0 /* Frameworks */ = {
			isa = PBXGroup;
			children = (
				C9A6E57A19E74BC600610FEF /* SystemConfiguration.framework */,
				C9A6E57819E74BC000610FEF /* StoreKit.framework */,
				C9A6E57619E74B7A00610FEF /* Security.framework */,
				C9A6E57419E74B7300610FEF /* QuartzCore.framework */,
				C9A6E57219E74B6C00610FEF /* MobileCoreServices.framework */,
				C9A6E57019E74B6500610FEF /* libz.dylib */,
				C9A6E56E19E74B5900610FEF /* CoreLocation.framework */,
				C9A6E56C19E74B4E00610FEF /* CoreGraphics.framework */,
				C9A6E56A19E74B4100610FEF /* CFNetwork.framework */,
				C9A6E56819E74B3800610FEF /* AudioToolbox.framework */,
				751EC033774F4D58AE65129C /* libPods-Diplomacy.a */,
			);
			name = Frameworks;
			sourceTree = "<group>";
		};
/* End PBXGroup section */

/* Begin PBXNativeTarget section */
		C9ACCDB419E74437006385A8 /* Diplomacy */ = {
			isa = PBXNativeTarget;
			buildConfigurationList = C9ACCDD719E74437006385A8 /* Build configuration list for PBXNativeTarget "Diplomacy" */;
			buildPhases = (
				2BD1D38BF01C4EAD873F948C /* Check Pods Manifest.lock */,
				C9ACCDB119E74437006385A8 /* Sources */,
				C9ACCDB219E74437006385A8 /* Frameworks */,
				C9ACCDB319E74437006385A8 /* Resources */,
				401CE507379A4DA8AB0DC8F6 /* Copy Pods Resources */,
			);
			buildRules = (
			);
			dependencies = (
			);
			name = Diplomacy;
			productName = Diplomacy;
			productReference = C9ACCDB519E74437006385A8 /* Diplomacy.app */;
			productType = "com.apple.product-type.application";
		};
		C9ACCDCC19E74437006385A8 /* DiplomacyTests */ = {
			isa = PBXNativeTarget;
			buildConfigurationList = C9ACCDDA19E74437006385A8 /* Build configuration list for PBXNativeTarget "DiplomacyTests" */;
			buildPhases = (
				C9ACCDC919E74437006385A8 /* Sources */,
				C9ACCDCA19E74437006385A8 /* Frameworks */,
				C9ACCDCB19E74437006385A8 /* Resources */,
			);
			buildRules = (
			);
			dependencies = (
				C9ACCDCF19E74437006385A8 /* PBXTargetDependency */,
			);
			name = DiplomacyTests;
			productName = DiplomacyTests;
			productReference = C9ACCDCD19E74437006385A8 /* DiplomacyTests.xctest */;
			productType = "com.apple.product-type.bundle.unit-test";
		};
/* End PBXNativeTarget section */

/* Begin PBXProject section */
		C9ACCDAD19E74437006385A8 /* Project object */ = {
			isa = PBXProject;
			attributes = {
				LastUpgradeCheck = 0600;
				ORGANIZATIONNAME = MattStephens;
				TargetAttributes = {
					C9ACCDB419E74437006385A8 = {
						CreatedOnToolsVersion = 6.0.1;
					};
					C9ACCDCC19E74437006385A8 = {
						CreatedOnToolsVersion = 6.0.1;
						TestTargetID = C9ACCDB419E74437006385A8;
					};
				};
			};
			buildConfigurationList = C9ACCDB019E74437006385A8 /* Build configuration list for PBXProject "Diplomacy" */;
			compatibilityVersion = "Xcode 3.2";
			developmentRegion = English;
			hasScannedForEncodings = 0;
			knownRegions = (
				en,
				Base,
			);
			mainGroup = C9ACCDAC19E74437006385A8;
			productRefGroup = C9ACCDB619E74437006385A8 /* Products */;
			projectDirPath = "";
			projectRoot = "";
			targets = (
				C9ACCDB419E74437006385A8 /* Diplomacy */,
				C9ACCDCC19E74437006385A8 /* DiplomacyTests */,
			);
		};
/* End PBXProject section */

/* Begin PBXResourcesBuildPhase section */
		C9ACCDB319E74437006385A8 /* Resources */ = {
			isa = PBXResourcesBuildPhase;
			buildActionMask = 2147483647;
			files = (
				C9ACCDC319E74437006385A8 /* Main.storyboard in Resources */,
				C9ACCDC819E74437006385A8 /* LaunchScreen.xib in Resources */,
				C9ACCDDE19E74794006385A8 /* Podfile in Resources */,
				C9ACCDC519E74437006385A8 /* Images.xcassets in Resources */,
			);
			runOnlyForDeploymentPostprocessing = 0;
		};
		C9ACCDCB19E74437006385A8 /* Resources */ = {
			isa = PBXResourcesBuildPhase;
			buildActionMask = 2147483647;
			files = (
			);
			runOnlyForDeploymentPostprocessing = 0;
		};
/* End PBXResourcesBuildPhase section */

/* Begin PBXShellScriptBuildPhase section */
		2BD1D38BF01C4EAD873F948C /* Check Pods Manifest.lock */ = {
			isa = PBXShellScriptBuildPhase;
			buildActionMask = 2147483647;
			files = (
			);
			inputPaths = (
			);
			name = "Check Pods Manifest.lock";
			outputPaths = (
			);
			runOnlyForDeploymentPostprocessing = 0;
			shellPath = /bin/sh;
			shellScript = "diff \"${PODS_ROOT}/../Podfile.lock\" \"${PODS_ROOT}/Manifest.lock\" > /dev/null\nif [[ $? != 0 ]] ; then\n    cat << EOM\nerror: The sandbox is not in sync with the Podfile.lock. Run 'pod install' or update your CocoaPods installation.\nEOM\n    exit 1\nfi\n";
			showEnvVarsInLog = 0;
		};
		401CE507379A4DA8AB0DC8F6 /* Copy Pods Resources */ = {
			isa = PBXShellScriptBuildPhase;
			buildActionMask = 2147483647;
			files = (
			);
			inputPaths = (
			);
			name = "Copy Pods Resources";
			outputPaths = (
			);
			runOnlyForDeploymentPostprocessing = 0;
			shellPath = /bin/sh;
			shellScript = "\"${SRCROOT}/Pods/Pods-Diplomacy-resources.sh\"\n";
			showEnvVarsInLog = 0;
		};
/* End PBXShellScriptBuildPhase section */

/* Begin PBXSourcesBuildPhase section */
		C9ACCDB119E74437006385A8 /* Sources */ = {
			isa = PBXSourcesBuildPhase;
			buildActionMask = 2147483647;
			files = (
				C9DE269C1A3A144C00A21B03 /* GameScreenViewController.swift in Sources */,
				C96938471A493AF900DD877D /* UIColorExtension.swift in Sources */,
				C97C7D3F1A3CC5CC003C9B21 /* Game.swift in Sources */,
				C947D8761A26CB1A001F8130 /* GamesListTableCell.swift in Sources */,
				C98142E61A1416A800732AB5 /* GamesListViewController.swift in Sources */,
				C94754921A27B8DD0007D6E1 /* NewGameTableViewController.swift in Sources */,
				C97C7D3D1A3CC59C003C9B21 /* Board.swift in Sources */,
				C98142E41A1274AD00732AB5 /* SignupViewController.swift in Sources */,
				C9DBEF7719EE3D0000BA6BE5 /* LoginViewController.swift in Sources */,
				C92BB3611A3D73D70090AEC9 /* Province.swift in Sources */,
				C92CD2FE1A5755D5003DCE38 /* GameLobbyViewController.swift in Sources */,
				C9ACCDC019E74437006385A8 /* ViewController.swift in Sources */,
				C92BB35F1A3D73C70090AEC9 /* Unit.swift in Sources */,
				C9ACCDBE19E74437006385A8 /* Diplomacy.xcdatamodeld in Sources */,
				C9ACCDBB19E74437006385A8 /* AppDelegate.swift in Sources */,
			);
			runOnlyForDeploymentPostprocessing = 0;
		};
		C9ACCDC919E74437006385A8 /* Sources */ = {
			isa = PBXSourcesBuildPhase;
			buildActionMask = 2147483647;
			files = (
				C9ACCDD419E74437006385A8 /* DiplomacyTests.swift in Sources */,
			);
			runOnlyForDeploymentPostprocessing = 0;
		};
/* End PBXSourcesBuildPhase section */

/* Begin PBXTargetDependency section */
		C9ACCDCF19E74437006385A8 /* PBXTargetDependency */ = {
			isa = PBXTargetDependency;
			target = C9ACCDB419E74437006385A8 /* Diplomacy */;
			targetProxy = C9ACCDCE19E74437006385A8 /* PBXContainerItemProxy */;
		};
/* End PBXTargetDependency section */

/* Begin PBXVariantGroup section */
		C9ACCDC119E74437006385A8 /* Main.storyboard */ = {
			isa = PBXVariantGroup;
			children = (
				C9ACCDC219E74437006385A8 /* Base */,
			);
			name = Main.storyboard;
			sourceTree = "<group>";
		};
		C9ACCDC619E74437006385A8 /* LaunchScreen.xib */ = {
			isa = PBXVariantGroup;
			children = (
				C9ACCDC719E74437006385A8 /* Base */,
			);
			name = LaunchScreen.xib;
			sourceTree = "<group>";
		};
/* End PBXVariantGroup section */

/* Begin XCBuildConfiguration section */
		C9ACCDD519E74437006385A8 /* Debug */ = {
			isa = XCBuildConfiguration;
			buildSettings = {
				ALWAYS_SEARCH_USER_PATHS = NO;
				CLANG_CXX_LANGUAGE_STANDARD = "gnu++0x";
				CLANG_CXX_LIBRARY = "libc++";
				CLANG_ENABLE_MODULES = YES;
				CLANG_ENABLE_OBJC_ARC = YES;
				CLANG_WARN_BOOL_CONVERSION = YES;
				CLANG_WARN_CONSTANT_CONVERSION = YES;
				CLANG_WARN_DIRECT_OBJC_ISA_USAGE = YES_ERROR;
				CLANG_WARN_EMPTY_BODY = YES;
				CLANG_WARN_ENUM_CONVERSION = YES;
				CLANG_WARN_INT_CONVERSION = YES;
				CLANG_WARN_OBJC_ROOT_CLASS = YES_ERROR;
				CLANG_WARN_UNREACHABLE_CODE = YES;
				CLANG_WARN__DUPLICATE_METHOD_MATCH = YES;
				"CODE_SIGN_IDENTITY[sdk=iphoneos*]" = "iPhone Developer";
				COPY_PHASE_STRIP = NO;
				ENABLE_STRICT_OBJC_MSGSEND = YES;
				GCC_C_LANGUAGE_STANDARD = gnu99;
				GCC_DYNAMIC_NO_PIC = NO;
				GCC_OPTIMIZATION_LEVEL = 0;
				GCC_PREPROCESSOR_DEFINITIONS = (
					"DEBUG=1",
					"$(inherited)",
				);
				GCC_SYMBOLS_PRIVATE_EXTERN = NO;
				GCC_WARN_64_TO_32_BIT_CONVERSION = YES;
				GCC_WARN_ABOUT_RETURN_TYPE = YES_ERROR;
				GCC_WARN_UNDECLARED_SELECTOR = YES;
				GCC_WARN_UNINITIALIZED_AUTOS = YES_AGGRESSIVE;
				GCC_WARN_UNUSED_FUNCTION = YES;
				GCC_WARN_UNUSED_VARIABLE = YES;
				IPHONEOS_DEPLOYMENT_TARGET = 8.0;
				MTL_ENABLE_DEBUG_INFO = YES;
				ONLY_ACTIVE_ARCH = YES;
				SDKROOT = iphoneos;
				SWIFT_OPTIMIZATION_LEVEL = "-Onone";
			};
			name = Debug;
		};
		C9ACCDD619E74437006385A8 /* Release */ = {
			isa = XCBuildConfiguration;
			buildSettings = {
				ALWAYS_SEARCH_USER_PATHS = NO;
				CLANG_CXX_LANGUAGE_STANDARD = "gnu++0x";
				CLANG_CXX_LIBRARY = "libc++";
				CLANG_ENABLE_MODULES = YES;
				CLANG_ENABLE_OBJC_ARC = YES;
				CLANG_WARN_BOOL_CONVERSION = YES;
				CLANG_WARN_CONSTANT_CONVERSION = YES;
				CLANG_WARN_DIRECT_OBJC_ISA_USAGE = YES_ERROR;
				CLANG_WARN_EMPTY_BODY = YES;
				CLANG_WARN_ENUM_CONVERSION = YES;
				CLANG_WARN_INT_CONVERSION = YES;
				CLANG_WARN_OBJC_ROOT_CLASS = YES_ERROR;
				CLANG_WARN_UNREACHABLE_CODE = YES;
				CLANG_WARN__DUPLICATE_METHOD_MATCH = YES;
				"CODE_SIGN_IDENTITY[sdk=iphoneos*]" = "iPhone Developer";
				COPY_PHASE_STRIP = YES;
				ENABLE_NS_ASSERTIONS = NO;
				ENABLE_STRICT_OBJC_MSGSEND = YES;
				GCC_C_LANGUAGE_STANDARD = gnu99;
				GCC_WARN_64_TO_32_BIT_CONVERSION = YES;
				GCC_WARN_ABOUT_RETURN_TYPE = YES_ERROR;
				GCC_WARN_UNDECLARED_SELECTOR = YES;
				GCC_WARN_UNINITIALIZED_AUTOS = YES_AGGRESSIVE;
				GCC_WARN_UNUSED_FUNCTION = YES;
				GCC_WARN_UNUSED_VARIABLE = YES;
				IPHONEOS_DEPLOYMENT_TARGET = 8.0;
				MTL_ENABLE_DEBUG_INFO = NO;
				SDKROOT = iphoneos;
				VALIDATE_PRODUCT = YES;
			};
			name = Release;
		};
		C9ACCDD819E74437006385A8 /* Debug */ = {
			isa = XCBuildConfiguration;
			baseConfigurationReference = 8ABEF0EDA0FC4CD889698483 /* Pods-Diplomacy.xcconfig */;
			buildSettings = {
				ASSETCATALOG_COMPILER_APPICON_NAME = AppIcon;
				CLANG_ENABLE_MODULES = YES;
				INFOPLIST_FILE = Diplomacy/Info.plist;
				LD_RUNPATH_SEARCH_PATHS = "$(inherited) @executable_path/Frameworks";
				PRODUCT_NAME = "$(TARGET_NAME)";
				SWIFT_OBJC_BRIDGING_HEADER = "Diplomacy-Bridging-Header.h";
				SWIFT_OPTIMIZATION_LEVEL = "-Onone";
			};
			name = Debug;
		};
		C9ACCDD919E74437006385A8 /* Release */ = {
			isa = XCBuildConfiguration;
			baseConfigurationReference = 8ABEF0EDA0FC4CD889698483 /* Pods-Diplomacy.xcconfig */;
			buildSettings = {
				ASSETCATALOG_COMPILER_APPICON_NAME = AppIcon;
				CLANG_ENABLE_MODULES = YES;
				INFOPLIST_FILE = Diplomacy/Info.plist;
				LD_RUNPATH_SEARCH_PATHS = "$(inherited) @executable_path/Frameworks";
				PRODUCT_NAME = "$(TARGET_NAME)";
				SWIFT_OBJC_BRIDGING_HEADER = "Diplomacy-Bridging-Header.h";
			};
			name = Release;
		};
		C9ACCDDB19E74437006385A8 /* Debug */ = {
			isa = XCBuildConfiguration;
			buildSettings = {
				BUNDLE_LOADER = "$(TEST_HOST)";
				FRAMEWORK_SEARCH_PATHS = (
					"$(SDKROOT)/Developer/Library/Frameworks",
					"$(inherited)",
				);
				GCC_PREPROCESSOR_DEFINITIONS = (
					"DEBUG=1",
					"$(inherited)",
				);
				INFOPLIST_FILE = DiplomacyTests/Info.plist;
				LD_RUNPATH_SEARCH_PATHS = "$(inherited) @executable_path/Frameworks @loader_path/Frameworks";
				PRODUCT_NAME = "$(TARGET_NAME)";
				TEST_HOST = "$(BUILT_PRODUCTS_DIR)/Diplomacy.app/Diplomacy";
			};
			name = Debug;
		};
		C9ACCDDC19E74437006385A8 /* Release */ = {
			isa = XCBuildConfiguration;
			buildSettings = {
				BUNDLE_LOADER = "$(TEST_HOST)";
				FRAMEWORK_SEARCH_PATHS = (
					"$(SDKROOT)/Developer/Library/Frameworks",
					"$(inherited)",
				);
				INFOPLIST_FILE = DiplomacyTests/Info.plist;
				LD_RUNPATH_SEARCH_PATHS = "$(inherited) @executable_path/Frameworks @loader_path/Frameworks";
				PRODUCT_NAME = "$(TARGET_NAME)";
				TEST_HOST = "$(BUILT_PRODUCTS_DIR)/Diplomacy.app/Diplomacy";
			};
			name = Release;
		};
/* End XCBuildConfiguration section */

/* Begin XCConfigurationList section */
		C9ACCDB019E74437006385A8 /* Build configuration list for PBXProject "Diplomacy" */ = {
			isa = XCConfigurationList;
			buildConfigurations = (
				C9ACCDD519E74437006385A8 /* Debug */,
				C9ACCDD619E74437006385A8 /* Release */,
			);
			defaultConfigurationIsVisible = 0;
			defaultConfigurationName = Release;
		};
		C9ACCDD719E74437006385A8 /* Build configuration list for PBXNativeTarget "Diplomacy" */ = {
			isa = XCConfigurationList;
			buildConfigurations = (
				C9ACCDD819E74437006385A8 /* Debug */,
				C9ACCDD919E74437006385A8 /* Release */,
			);
			defaultConfigurationIsVisible = 0;
			defaultConfigurationName = Release;
		};
		C9ACCDDA19E74437006385A8 /* Build configuration list for PBXNativeTarget "DiplomacyTests" */ = {
			isa = XCConfigurationList;
			buildConfigurations = (
				C9ACCDDB19E74437006385A8 /* Debug */,
				C9ACCDDC19E74437006385A8 /* Release */,
			);
			defaultConfigurationIsVisible = 0;
			defaultConfigurationName = Release;
		};
/* End XCConfigurationList section */

/* Begin XCVersionGroup section */
		C9ACCDBC19E74437006385A8 /* Diplomacy.xcdatamodeld */ = {
			isa = XCVersionGroup;
			children = (
				C9A6DA3D19EE2CF10047BA28 /* Diplomacy 2.xcdatamodel */,
				C9ACCDBD19E74437006385A8 /* Diplomacy.xcdatamodel */,
			);
			currentVersion = C9A6DA3D19EE2CF10047BA28 /* Diplomacy 2.xcdatamodel */;
			path = Diplomacy.xcdatamodeld;
			sourceTree = "<group>";
			versionGroupType = wrapper.xcdatamodel;
		};
/* End XCVersionGroup section */
	};
	rootObject = C9ACCDAD19E74437006385A8 /* Project object */;
}
